// !$*UTF8*$!
{
	archiveVersion = 1;
	classes = {
	};
	objectVersion = 56;
	objects = {

/* Begin PBXBuildFile section */
		4434E4FF2913424A00C8AFD0 /* KinesiologyMemorizingHelperToolApp.swift in Sources */ = {isa = PBXBuildFile; fileRef = 4434E4FE2913424A00C8AFD0 /* KinesiologyMemorizingHelperToolApp.swift */; };
		4434E5032913424C00C8AFD0 /* Assets.xcassets in Resources */ = {isa = PBXBuildFile; fileRef = 4434E5022913424C00C8AFD0 /* Assets.xcassets */; };
		4434E5072913424C00C8AFD0 /* Preview Assets.xcassets in Resources */ = {isa = PBXBuildFile; fileRef = 4434E5062913424C00C8AFD0 /* Preview Assets.xcassets */; };
		4434E50F2914124A00C8AFD0 /* MainPageView.swift in Sources */ = {isa = PBXBuildFile; fileRef = 4434E50E2914124A00C8AFD0 /* MainPageView.swift */; };
		4434E5112914136B00C8AFD0 /* HistoryTabView.swift in Sources */ = {isa = PBXBuildFile; fileRef = 4434E5102914136B00C8AFD0 /* HistoryTabView.swift */; };
		4434E513291416C500C8AFD0 /* AllBonesAndMuscles.swift in Sources */ = {isa = PBXBuildFile; fileRef = 4434E512291416C500C8AFD0 /* AllBonesAndMuscles.swift */; };
		4434E516291422B600C8AFD0 /* BoneOrMuscle.swift in Sources */ = {isa = PBXBuildFile; fileRef = 4434E515291422B600C8AFD0 /* BoneOrMuscle.swift */; };
		446C98522919DEC900E69B34 /* BoneOrMuscleToSavedList.swift in Sources */ = {isa = PBXBuildFile; fileRef = 446C98512919DEC900E69B34 /* BoneOrMuscleToSavedList.swift */; };
		44ABB2162919F57A00D64358 /* FilterFunction.swift in Sources */ = {isa = PBXBuildFile; fileRef = 44ABB2152919F57A00D64358 /* FilterFunction.swift */; };
/* End PBXBuildFile section */

/* Begin PBXFileReference section */
		4434E4FB2913424A00C8AFD0 /* KinesiologyMemorizingHelperTool.app */ = {isa = PBXFileReference; explicitFileType = wrapper.application; includeInIndex = 0; path = KinesiologyMemorizingHelperTool.app; sourceTree = BUILT_PRODUCTS_DIR; };
		4434E4FE2913424A00C8AFD0 /* KinesiologyMemorizingHelperToolApp.swift */ = {isa = PBXFileReference; lastKnownFileType = sourcecode.swift; path = KinesiologyMemorizingHelperToolApp.swift; sourceTree = "<group>"; };
		4434E5022913424C00C8AFD0 /* Assets.xcassets */ = {isa = PBXFileReference; lastKnownFileType = folder.assetcatalog; path = Assets.xcassets; sourceTree = "<group>"; };
		4434E5042913424C00C8AFD0 /* KinesiologyMemorizingHelperTool.entitlements */ = {isa = PBXFileReference; lastKnownFileType = text.plist.entitlements; path = KinesiologyMemorizingHelperTool.entitlements; sourceTree = "<group>"; };
		4434E5062913424C00C8AFD0 /* Preview Assets.xcassets */ = {isa = PBXFileReference; lastKnownFileType = folder.assetcatalog; path = "Preview Assets.xcassets"; sourceTree = "<group>"; };
		4434E50E2914124A00C8AFD0 /* MainPageView.swift */ = {isa = PBXFileReference; lastKnownFileType = sourcecode.swift; path = MainPageView.swift; sourceTree = "<group>"; };
		4434E5102914136B00C8AFD0 /* HistoryTabView.swift */ = {isa = PBXFileReference; lastKnownFileType = sourcecode.swift; path = HistoryTabView.swift; sourceTree = "<group>"; };
		4434E512291416C500C8AFD0 /* AllBonesAndMuscles.swift */ = {isa = PBXFileReference; lastKnownFileType = sourcecode.swift; path = AllBonesAndMuscles.swift; sourceTree = "<group>"; };
		4434E515291422B600C8AFD0 /* BoneOrMuscle.swift */ = {isa = PBXFileReference; lastKnownFileType = sourcecode.swift; path = BoneOrMuscle.swift; sourceTree = "<group>"; };
		446C98512919DEC900E69B34 /* BoneOrMuscleToSavedList.swift */ = {isa = PBXFileReference; lastKnownFileType = sourcecode.swift; path = BoneOrMuscleToSavedList.swift; sourceTree = "<group>"; };
		44ABB2152919F57A00D64358 /* FilterFunction.swift */ = {isa = PBXFileReference; lastKnownFileType = sourcecode.swift; path = FilterFunction.swift; sourceTree = "<group>"; };
/* End PBXFileReference section */

/* Begin PBXFrameworksBuildPhase section */
		4434E4F82913424A00C8AFD0 /* Frameworks */ = {
			isa = PBXFrameworksBuildPhase;
			buildActionMask = 2147483647;
			files = (
			);
			runOnlyForDeploymentPostprocessing = 0;
		};
/* End PBXFrameworksBuildPhase section */

/* Begin PBXGroup section */
		4434E4F22913424A00C8AFD0 = {
			isa = PBXGroup;
			children = (
				4434E4FD2913424A00C8AFD0 /* KinesiologyMemorizingHelperTool */,
				4434E4FC2913424A00C8AFD0 /* Products */,
			);
			sourceTree = "<group>";
		};
		4434E4FC2913424A00C8AFD0 /* Products */ = {
			isa = PBXGroup;
			children = (
				4434E4FB2913424A00C8AFD0 /* KinesiologyMemorizingHelperTool.app */,
			);
			name = Products;
			sourceTree = "<group>";
		};
		4434E4FD2913424A00C8AFD0 /* KinesiologyMemorizingHelperTool */ = {
			isa = PBXGroup;
			children = (
				4434E4FE2913424A00C8AFD0 /* KinesiologyMemorizingHelperToolApp.swift */,
				44ABB2142919F55B00D64358 /* Functions */,
				4434E514291422A700C8AFD0 /* Model */,
				4434E50D291411FE00C8AFD0 /* Views */,
				4434E5022913424C00C8AFD0 /* Assets.xcassets */,
				4434E5042913424C00C8AFD0 /* KinesiologyMemorizingHelperTool.entitlements */,
				4434E5052913424C00C8AFD0 /* Preview Content */,
			);
			path = KinesiologyMemorizingHelperTool;
			sourceTree = "<group>";
		};
		4434E5052913424C00C8AFD0 /* Preview Content */ = {
			isa = PBXGroup;
			children = (
				4434E5062913424C00C8AFD0 /* Preview Assets.xcassets */,
			);
			path = "Preview Content";
			sourceTree = "<group>";
		};
		4434E50D291411FE00C8AFD0 /* Views */ = {
			isa = PBXGroup;
			children = (
				4434E50E2914124A00C8AFD0 /* MainPageView.swift */,
				4434E5102914136B00C8AFD0 /* HistoryTabView.swift */,
				4434E512291416C500C8AFD0 /* AllBonesAndMuscles.swift */,
			);
			path = Views;
			sourceTree = "<group>";
		};
		4434E514291422A700C8AFD0 /* Model */ = {
			isa = PBXGroup;
			children = (
				4434E515291422B600C8AFD0 /* BoneOrMuscle.swift */,
				446C98512919DEC900E69B34 /* BoneOrMuscleToSavedList.swift */,
			);
			path = Model;
			sourceTree = "<group>";
		};
		44ABB2142919F55B00D64358 /* Functions */ = {
			isa = PBXGroup;
			children = (
				44ABB2152919F57A00D64358 /* FilterFunction.swift */,
			);
			path = Functions;
			sourceTree = "<group>";
		};
/* End PBXGroup section */

/* Begin PBXNativeTarget section */
		4434E4FA2913424A00C8AFD0 /* KinesiologyMemorizingHelperTool */ = {
			isa = PBXNativeTarget;
			buildConfigurationList = 4434E50A2913424C00C8AFD0 /* Build configuration list for PBXNativeTarget "KinesiologyMemorizingHelperTool" */;
			buildPhases = (
				4434E4F72913424A00C8AFD0 /* Sources */,
				4434E4F82913424A00C8AFD0 /* Frameworks */,
				4434E4F92913424A00C8AFD0 /* Resources */,
			);
			buildRules = (
			);
			dependencies = (
			);
			name = KinesiologyMemorizingHelperTool;
			productName = KinesiologyMemorizingHelperTool;
			productReference = 4434E4FB2913424A00C8AFD0 /* KinesiologyMemorizingHelperTool.app */;
			productType = "com.apple.product-type.application";
		};
/* End PBXNativeTarget section */

/* Begin PBXProject section */
		4434E4F32913424A00C8AFD0 /* Project object */ = {
			isa = PBXProject;
			attributes = {
				BuildIndependentTargetsInParallel = 1;
				LastSwiftUpdateCheck = 1400;
				LastUpgradeCheck = 1400;
				TargetAttributes = {
					4434E4FA2913424A00C8AFD0 = {
						CreatedOnToolsVersion = 14.0.1;
					};
				};
			};
			buildConfigurationList = 4434E4F62913424A00C8AFD0 /* Build configuration list for PBXProject "KinesiologyMemorizingHelperTool" */;
			compatibilityVersion = "Xcode 14.0";
			developmentRegion = en;
			hasScannedForEncodings = 0;
			knownRegions = (
				en,
				Base,
			);
			mainGroup = 4434E4F22913424A00C8AFD0;
			productRefGroup = 4434E4FC2913424A00C8AFD0 /* Products */;
			projectDirPath = "";
			projectRoot = "";
			targets = (
				4434E4FA2913424A00C8AFD0 /* KinesiologyMemorizingHelperTool */,
			);
		};
/* End PBXProject section */

/* Begin PBXResourcesBuildPhase section */
		4434E4F92913424A00C8AFD0 /* Resources */ = {
			isa = PBXResourcesBuildPhase;
			buildActionMask = 2147483647;
			files = (
				4434E5072913424C00C8AFD0 /* Preview Assets.xcassets in Resources */,
				4434E5032913424C00C8AFD0 /* Assets.xcassets in Resources */,
			);
			runOnlyForDeploymentPostprocessing = 0;
		};
/* End PBXResourcesBuildPhase section */

/* Begin PBXSourcesBuildPhase section */
		4434E4F72913424A00C8AFD0 /* Sources */ = {
			isa = PBXSourcesBuildPhase;
			buildActionMask = 2147483647;
			files = (
				4434E516291422B600C8AFD0 /* BoneOrMuscle.swift in Sources */,
				4434E5112914136B00C8AFD0 /* HistoryTabView.swift in Sources */,
				446C98522919DEC900E69B34 /* BoneOrMuscleToSavedList.swift in Sources */,
				44ABB2162919F57A00D64358 /* FilterFunction.swift in Sources */,
				4434E50F2914124A00C8AFD0 /* MainPageView.swift in Sources */,
				4434E513291416C500C8AFD0 /* AllBonesAndMuscles.swift in Sources */,
				4434E4FF2913424A00C8AFD0 /* KinesiologyMemorizingHelperToolApp.swift in Sources */,
			);
			runOnlyForDeploymentPostprocessing = 0;
		};
/* End PBXSourcesBuildPhase section */

/* Begin XCBuildConfiguration section */
		4434E5082913424C00C8AFD0 /* Debug */ = {
			isa = XCBuildConfiguration;
			buildSettings = {
				ALWAYS_SEARCH_USER_PATHS = NO;
				CLANG_ANALYZER_NONNULL = YES;
				CLANG_ANALYZER_NUMBER_OBJECT_CONVERSION = YES_AGGRESSIVE;
				CLANG_CXX_LANGUAGE_STANDARD = "gnu++20";
				CLANG_ENABLE_MODULES = YES;
				CLANG_ENABLE_OBJC_ARC = YES;
				CLANG_ENABLE_OBJC_WEAK = YES;
				CLANG_WARN_BLOCK_CAPTURE_AUTORELEASING = YES;
				CLANG_WARN_BOOL_CONVERSION = YES;
				CLANG_WARN_COMMA = YES;
				CLANG_WARN_CONSTANT_CONVERSION = YES;
				CLANG_WARN_DEPRECATED_OBJC_IMPLEMENTATIONS = YES;
				CLANG_WARN_DIRECT_OBJC_ISA_USAGE = YES_ERROR;
				CLANG_WARN_DOCUMENTATION_COMMENTS = YES;
				CLANG_WARN_EMPTY_BODY = YES;
				CLANG_WARN_ENUM_CONVERSION = YES;
				CLANG_WARN_INFINITE_RECURSION = YES;
				CLANG_WARN_INT_CONVERSION = YES;
				CLANG_WARN_NON_LITERAL_NULL_CONVERSION = YES;
				CLANG_WARN_OBJC_IMPLICIT_RETAIN_SELF = YES;
				CLANG_WARN_OBJC_LITERAL_CONVERSION = YES;
				CLANG_WARN_OBJC_ROOT_CLASS = YES_ERROR;
				CLANG_WARN_QUOTED_INCLUDE_IN_FRAMEWORK_HEADER = YES;
				CLANG_WARN_RANGE_LOOP_ANALYSIS = YES;
				CLANG_WARN_STRICT_PROTOTYPES = YES;
				CLANG_WARN_SUSPICIOUS_MOVE = YES;
				CLANG_WARN_UNGUARDED_AVAILABILITY = YES_AGGRESSIVE;
				CLANG_WARN_UNREACHABLE_CODE = YES;
				CLANG_WARN__DUPLICATE_METHOD_MATCH = YES;
				COPY_PHASE_STRIP = NO;
				DEBUG_INFORMATION_FORMAT = dwarf;
				ENABLE_STRICT_OBJC_MSGSEND = YES;
				ENABLE_TESTABILITY = YES;
				GCC_C_LANGUAGE_STANDARD = gnu11;
				GCC_DYNAMIC_NO_PIC = NO;
				GCC_NO_COMMON_BLOCKS = YES;
				GCC_OPTIMIZATION_LEVEL = 0;
				GCC_PREPROCESSOR_DEFINITIONS = (
					"DEBUG=1",
					"$(inherited)",
				);
				GCC_WARN_64_TO_32_BIT_CONVERSION = YES;
				GCC_WARN_ABOUT_RETURN_TYPE = YES_ERROR;
				GCC_WARN_UNDECLARED_SELECTOR = YES;
				GCC_WARN_UNINITIALIZED_AUTOS = YES_AGGRESSIVE;
				GCC_WARN_UNUSED_FUNCTION = YES;
				GCC_WARN_UNUSED_VARIABLE = YES;
				MTL_ENABLE_DEBUG_INFO = INCLUDE_SOURCE;
				MTL_FAST_MATH = YES;
				ONLY_ACTIVE_ARCH = YES;
				SWIFT_ACTIVE_COMPILATION_CONDITIONS = DEBUG;
				SWIFT_OPTIMIZATION_LEVEL = "-Onone";
			};
			name = Debug;
		};
		4434E5092913424C00C8AFD0 /* Release */ = {
			isa = XCBuildConfiguration;
			buildSettings = {
				ALWAYS_SEARCH_USER_PATHS = NO;
				CLANG_ANALYZER_NONNULL = YES;
				CLANG_ANALYZER_NUMBER_OBJECT_CONVERSION = YES_AGGRESSIVE;
				CLANG_CXX_LANGUAGE_STANDARD = "gnu++20";
				CLANG_ENABLE_MODULES = YES;
				CLANG_ENABLE_OBJC_ARC = YES;
				CLANG_ENABLE_OBJC_WEAK = YES;
				CLANG_WARN_BLOCK_CAPTURE_AUTORELEASING = YES;
				CLANG_WARN_BOOL_CONVERSION = YES;
				CLANG_WARN_COMMA = YES;
				CLANG_WARN_CONSTANT_CONVERSION = YES;
				CLANG_WARN_DEPRECATED_OBJC_IMPLEMENTATIONS = YES;
				CLANG_WARN_DIRECT_OBJC_ISA_USAGE = YES_ERROR;
				CLANG_WARN_DOCUMENTATION_COMMENTS = YES;
				CLANG_WARN_EMPTY_BODY = YES;
				CLANG_WARN_ENUM_CONVERSION = YES;
				CLANG_WARN_INFINITE_RECURSION = YES;
				CLANG_WARN_INT_CONVERSION = YES;
				CLANG_WARN_NON_LITERAL_NULL_CONVERSION = YES;
				CLANG_WARN_OBJC_IMPLICIT_RETAIN_SELF = YES;
				CLANG_WARN_OBJC_LITERAL_CONVERSION = YES;
				CLANG_WARN_OBJC_ROOT_CLASS = YES_ERROR;
				CLANG_WARN_QUOTED_INCLUDE_IN_FRAMEWORK_HEADER = YES;
				CLANG_WARN_RANGE_LOOP_ANALYSIS = YES;
				CLANG_WARN_STRICT_PROTOTYPES = YES;
				CLANG_WARN_SUSPICIOUS_MOVE = YES;
				CLANG_WARN_UNGUARDED_AVAILABILITY = YES_AGGRESSIVE;
				CLANG_WARN_UNREACHABLE_CODE = YES;
				CLANG_WARN__DUPLICATE_METHOD_MATCH = YES;
				COPY_PHASE_STRIP = NO;
				DEBUG_INFORMATION_FORMAT = "dwarf-with-dsym";
				ENABLE_NS_ASSERTIONS = NO;
				ENABLE_STRICT_OBJC_MSGSEND = YES;
				GCC_C_LANGUAGE_STANDARD = gnu11;
				GCC_NO_COMMON_BLOCKS = YES;
				GCC_WARN_64_TO_32_BIT_CONVERSION = YES;
				GCC_WARN_ABOUT_RETURN_TYPE = YES_ERROR;
				GCC_WARN_UNDECLARED_SELECTOR = YES;
				GCC_WARN_UNINITIALIZED_AUTOS = YES_AGGRESSIVE;
				GCC_WARN_UNUSED_FUNCTION = YES;
				GCC_WARN_UNUSED_VARIABLE = YES;
				MTL_ENABLE_DEBUG_INFO = NO;
				MTL_FAST_MATH = YES;
				SWIFT_COMPILATION_MODE = wholemodule;
				SWIFT_OPTIMIZATION_LEVEL = "-O";
			};
			name = Release;
		};
		4434E50B2913424C00C8AFD0 /* Debug */ = {
			isa = XCBuildConfiguration;
			buildSettings = {
				ASSETCATALOG_COMPILER_APPICON_NAME = AppIcon;
				ASSETCATALOG_COMPILER_GLOBAL_ACCENT_COLOR_NAME = AccentColor;
				CODE_SIGN_ENTITLEMENTS = KinesiologyMemorizingHelperTool/KinesiologyMemorizingHelperTool.entitlements;
				CODE_SIGN_STYLE = Automatic;
				CURRENT_PROJECT_VERSION = 1;
				DEVELOPMENT_ASSET_PATHS = "\"KinesiologyMemorizingHelperTool/Preview Content\"";
				DEVELOPMENT_TEAM = L8QA2F2KYK;
				ENABLE_HARDENED_RUNTIME = YES;
				ENABLE_PREVIEWS = YES;
				GENERATE_INFOPLIST_FILE = YES;
				"INFOPLIST_KEY_UIApplicationSceneManifest_Generation[sdk=iphoneos*]" = YES;
				"INFOPLIST_KEY_UIApplicationSceneManifest_Generation[sdk=iphonesimulator*]" = YES;
				"INFOPLIST_KEY_UIApplicationSupportsIndirectInputEvents[sdk=iphoneos*]" = YES;
				"INFOPLIST_KEY_UIApplicationSupportsIndirectInputEvents[sdk=iphonesimulator*]" = YES;
				"INFOPLIST_KEY_UILaunchScreen_Generation[sdk=iphoneos*]" = YES;
				"INFOPLIST_KEY_UILaunchScreen_Generation[sdk=iphonesimulator*]" = YES;
				"INFOPLIST_KEY_UIStatusBarStyle[sdk=iphoneos*]" = UIStatusBarStyleDefault;
				"INFOPLIST_KEY_UIStatusBarStyle[sdk=iphonesimulator*]" = UIStatusBarStyleDefault;
				INFOPLIST_KEY_UISupportedInterfaceOrientations_iPad = "UIInterfaceOrientationPortrait UIInterfaceOrientationPortraitUpsideDown UIInterfaceOrientationLandscapeLeft UIInterfaceOrientationLandscapeRight";
				INFOPLIST_KEY_UISupportedInterfaceOrientations_iPhone = "UIInterfaceOrientationPortrait UIInterfaceOrientationLandscapeLeft UIInterfaceOrientationLandscapeRight";
				IPHONEOS_DEPLOYMENT_TARGET = 16.0;
				LD_RUNPATH_SEARCH_PATHS = "@executable_path/Frameworks";
				"LD_RUNPATH_SEARCH_PATHS[sdk=macosx*]" = "@executable_path/../Frameworks";
				MACOSX_DEPLOYMENT_TARGET = 12.3;
				MARKETING_VERSION = 1.0;
				PRODUCT_BUNDLE_IDENTIFIER = ca.nathansmith.KinesiologyMemorizingHelperTool;
				PRODUCT_NAME = "$(TARGET_NAME)";
				SDKROOT = auto;
				SUPPORTED_PLATFORMS = "iphoneos iphonesimulator macosx";
				SWIFT_EMIT_LOC_STRINGS = YES;
				SWIFT_VERSION = 5.0;
				TARGETED_DEVICE_FAMILY = "1,2";
			};
			name = Debug;
		};
		4434E50C2913424C00C8AFD0 /* Release */ = {
			isa = XCBuildConfiguration;
			buildSettings = {
				ASSETCATALOG_COMPILER_APPICON_NAME = AppIcon;
				ASSETCATALOG_COMPILER_GLOBAL_ACCENT_COLOR_NAME = AccentColor;
				CODE_SIGN_ENTITLEMENTS = KinesiologyMemorizingHelperTool/KinesiologyMemorizingHelperTool.entitlements;
				CODE_SIGN_STYLE = Automatic;
				CURRENT_PROJECT_VERSION = 1;
				DEVELOPMENT_ASSET_PATHS = "\"KinesiologyMemorizingHelperTool/Preview Content\"";
				DEVELOPMENT_TEAM = L8QA2F2KYK;
				ENABLE_HARDENED_RUNTIME = YES;
				ENABLE_PREVIEWS = YES;
				GENERATE_INFOPLIST_FILE = YES;
				"INFOPLIST_KEY_UIApplicationSceneManifest_Generation[sdk=iphoneos*]" = YES;
				"INFOPLIST_KEY_UIApplicationSceneManifest_Generation[sdk=iphonesimulator*]" = YES;
				"INFOPLIST_KEY_UIApplicationSupportsIndirectInputEvents[sdk=iphoneos*]" = YES;
				"INFOPLIST_KEY_UIApplicationSupportsIndirectInputEvents[sdk=iphonesimulator*]" = YES;
				"INFOPLIST_KEY_UILaunchScreen_Generation[sdk=iphoneos*]" = YES;
				"INFOPLIST_KEY_UILaunchScreen_Generation[sdk=iphonesimulator*]" = YES;
				"INFOPLIST_KEY_UIStatusBarStyle[sdk=iphoneos*]" = UIStatusBarStyleDefault;
				"INFOPLIST_KEY_UIStatusBarStyle[sdk=iphonesimulator*]" = UIStatusBarStyleDefault;
				INFOPLIST_KEY_UISupportedInterfaceOrientations_iPad = "UIInterfaceOrientationPortrait UIInterfaceOrientationPortraitUpsideDown UIInterfaceOrientationLandscapeLeft UIInterfaceOrientationLandscapeRight";
				INFOPLIST_KEY_UISupportedInterfaceOrientations_iPhone = "UIInterfaceOrientationPortrait UIInterfaceOrientationLandscapeLeft UIInterfaceOrientationLandscapeRight";
				IPHONEOS_DEPLOYMENT_TARGET = 16.0;
				LD_RUNPATH_SEARCH_PATHS = "@executable_path/Frameworks";
				"LD_RUNPATH_SEARCH_PATHS[sdk=macosx*]" = "@executable_path/../Frameworks";
				MACOSX_DEPLOYMENT_TARGET = 12.3;
				MARKETING_VERSION = 1.0;
				PRODUCT_BUNDLE_IDENTIFIER = ca.nathansmith.KinesiologyMemorizingHelperTool;
				PRODUCT_NAME = "$(TARGET_NAME)";
				SDKROOT = auto;
				SUPPORTED_PLATFORMS = "iphoneos iphonesimulator macosx";
				SWIFT_EMIT_LOC_STRINGS = YES;
				SWIFT_VERSION = 5.0;
				TARGETED_DEVICE_FAMILY = "1,2";
			};
			name = Release;
		};
/* End XCBuildConfiguration section */

/* Begin XCConfigurationList section */
		4434E4F62913424A00C8AFD0 /* Build configuration list for PBXProject "KinesiologyMemorizingHelperTool" */ = {
			isa = XCConfigurationList;
			buildConfigurations = (
				4434E5082913424C00C8AFD0 /* Debug */,
				4434E5092913424C00C8AFD0 /* Release */,
			);
			defaultConfigurationIsVisible = 0;
			defaultConfigurationName = Release;
		};
		4434E50A2913424C00C8AFD0 /* Build configuration list for PBXNativeTarget "KinesiologyMemorizingHelperTool" */ = {
			isa = XCConfigurationList;
			buildConfigurations = (
				4434E50B2913424C00C8AFD0 /* Debug */,
				4434E50C2913424C00C8AFD0 /* Release */,
			);
			defaultConfigurationIsVisible = 0;
			defaultConfigurationName = Release;
		};
/* End XCConfigurationList section */
	};
	rootObject = 4434E4F32913424A00C8AFD0 /* Project object */;
}
